
Microsoft Visual Studio Solution File, Format Version 12.00
# Visual Studio Version 17
VisualStudioVersion = 17.0.31903.59
MinimumVisualStudioVersion = 10.0.40219.1
Project("{2150E333-8FDC-42A3-9474-1A3956D46DE8}") = "src", "src", "{827E0CD3-B72D-47B6-A68D-7590B98EB39B}"
EndProject
Project("{FAE04EC0-301F-11D3-BF4B-00C04F79EFBC}") = "EMR.Domain", "src\EMR.Domain\EMR.Domain.csproj", "{8B5675DB-9B4E-4A99-8B8A-739C32612083}"
EndProject
Project("{FAE04EC0-301F-11D3-BF4B-00C04F79EFBC}") = "EMR.Application", "src\EMR.Application\EMR.Application.csproj", "{C0C544E3-9F8B-46E6-B903-4275E5E47071}"
EndProject
Project("{FAE04EC0-301F-11D3-BF4B-00C04F79EFBC}") = "EMR.Infrastructure", "src\EMR.Infrastructure\EMR.Infrastructure.csproj", "{BC99DFA6-6709-4DC2-BE64-9D1309BBB754}"
EndProject
Project("{FAE04EC0-301F-11D3-BF4B-00C04F79EFBC}") = "EMR.Api", "src\EMR.Api\EMR.Api.csproj", "{A5DEC91A-C6AE-43B9-B300-503F5487718D}"
EndProject
Project("{2150E333-8FDC-42A3-9474-1A3956D46DE8}") = "tests", "tests", "{0AB3BF05-4346-4AA6-1389-037BE0695223}"
EndProject
Project("{FAE04EC0-301F-11D3-BF4B-00C04F79EFBC}") = "EMR.UnitTests", "tests\EMR.UnitTests\EMR.UnitTests.csproj", "{10DF913E-811F-4B80-99A9-38FA879346B2}"
EndProject
Project("{FAE04EC0-301F-11D3-BF4B-00C04F79EFBC}") = "EMR.IntegrationTests", "tests\EMR.IntegrationTests\EMR.IntegrationTests.csproj", "{89363900-5643-46DB-A9A2-E2B84A995F9C}"
EndProject
Global
	GlobalSection(SolutionConfigurationPlatforms) = preSolution
		Debug|Any CPU = Debug|Any CPU
		Debug|x64 = Debug|x64
		Debug|x86 = Debug|x86
		Release|Any CPU = Release|Any CPU
		Release|x64 = Release|x64
		Release|x86 = Release|x86
	EndGlobalSection
	GlobalSection(ProjectConfigurationPlatforms) = postSolution
		{8B5675DB-9B4E-4A99-8B8A-739C32612083}.Debug|Any CPU.ActiveCfg = Debug|Any CPU
		{8B5675DB-9B4E-4A99-8B8A-739C32612083}.Debug|Any CPU.Build.0 = Debug|Any CPU
		{8B5675DB-9B4E-4A99-8B8A-739C32612083}.Debug|x64.ActiveCfg = Debug|Any CPU
		{8B5675DB-9B4E-4A99-8B8A-739C32612083}.Debug|x64.Build.0 = Debug|Any CPU
		{8B5675DB-9B4E-4A99-8B8A-739C32612083}.Debug|x86.ActiveCfg = Debug|Any CPU
		{8B5675DB-9B4E-4A99-8B8A-739C32612083}.Debug|x86.Build.0 = Debug|Any CPU
		{8B5675DB-9B4E-4A99-8B8A-739C32612083}.Release|Any CPU.ActiveCfg = Release|Any CPU
		{8B5675DB-9B4E-4A99-8B8A-739C32612083}.Release|Any CPU.Build.0 = Release|Any CPU
		{8B5675DB-9B4E-4A99-8B8A-739C32612083}.Release|x64.ActiveCfg = Release|Any CPU
		{8B5675DB-9B4E-4A99-8B8A-739C32612083}.Release|x64.Build.0 = Release|Any CPU
		{8B5675DB-9B4E-4A99-8B8A-739C32612083}.Release|x86.ActiveCfg = Release|Any CPU
		{8B5675DB-9B4E-4A99-8B8A-739C32612083}.Release|x86.Build.0 = Release|Any CPU
		{C0C544E3-9F8B-46E6-B903-4275E5E47071}.Debug|Any CPU.ActiveCfg = Debug|Any CPU
		{C0C544E3-9F8B-46E6-B903-4275E5E47071}.Debug|Any CPU.Build.0 = Debug|Any CPU
		{C0C544E3-9F8B-46E6-B903-4275E5E47071}.Debug|x64.ActiveCfg = Debug|Any CPU
		{C0C544E3-9F8B-46E6-B903-4275E5E47071}.Debug|x64.Build.0 = Debug|Any CPU
		{C0C544E3-9F8B-46E6-B903-4275E5E47071}.Debug|x86.ActiveCfg = Debug|Any CPU
		{C0C544E3-9F8B-46E6-B903-4275E5E47071}.Debug|x86.Build.0 = Debug|Any CPU
		{C0C544E3-9F8B-46E6-B903-4275E5E47071}.Release|Any CPU.ActiveCfg = Release|Any CPU
		{C0C544E3-9F8B-46E6-B903-4275E5E47071}.Release|Any CPU.Build.0 = Release|Any CPU
		{C0C544E3-9F8B-46E6-B903-4275E5E47071}.Release|x64.ActiveCfg = Release|Any CPU
		{C0C544E3-9F8B-46E6-B903-4275E5E47071}.Release|x64.Build.0 = Release|Any CPU
		{C0C544E3-9F8B-46E6-B903-4275E5E47071}.Release|x86.ActiveCfg = Release|Any CPU
		{C0C544E3-9F8B-46E6-B903-4275E5E47071}.Release|x86.Build.0 = Release|Any CPU
		{BC99DFA6-6709-4DC2-BE64-9D1309BBB754}.Debug|Any CPU.ActiveCfg = Debug|Any CPU
		{BC99DFA6-6709-4DC2-BE64-9D1309BBB754}.Debug|Any CPU.Build.0 = Debug|Any CPU
		{BC99DFA6-6709-4DC2-BE64-9D1309BBB754}.Debug|x64.ActiveCfg = Debug|Any CPU
		{BC99DFA6-6709-4DC2-BE64-9D1309BBB754}.Debug|x64.Build.0 = Debug|Any CPU
		{BC99DFA6-6709-4DC2-BE64-9D1309BBB754}.Debug|x86.ActiveCfg = Debug|Any CPU
		{BC99DFA6-6709-4DC2-BE64-9D1309BBB754}.Debug|x86.Build.0 = Debug|Any CPU
		{BC99DFA6-6709-4DC2-BE64-9D1309BBB754}.Release|Any CPU.ActiveCfg = Release|Any CPU
		{BC99DFA6-6709-4DC2-BE64-9D1309BBB754}.Release|Any CPU.Build.0 = Release|Any CPU
		{BC99DFA6-6709-4DC2-BE64-9D1309BBB754}.Release|x64.ActiveCfg = Release|Any CPU
		{BC99DFA6-6709-4DC2-BE64-9D1309BBB754}.Release|x64.Build.0 = Release|Any CPU
		{BC99DFA6-6709-4DC2-BE64-9D1309BBB754}.Release|x86.ActiveCfg = Release|Any CPU
		{BC99DFA6-6709-4DC2-BE64-9D1309BBB754}.Release|x86.Build.0 = Release|Any CPU
		{A5DEC91A-C6AE-43B9-B300-503F5487718D}.Debug|Any CPU.ActiveCfg = Debug|Any CPU
		{A5DEC91A-C6AE-43B9-B300-503F5487718D}.Debug|Any CPU.Build.0 = Debug|Any CPU
		{A5DEC91A-C6AE-43B9-B300-503F5487718D}.Debug|x64.ActiveCfg = Debug|Any CPU
		{A5DEC91A-C6AE-43B9-B300-503F5487718D}.Debug|x64.Build.0 = Debug|Any CPU
		{A5DEC91A-C6AE-43B9-B300-503F5487718D}.Debug|x86.ActiveCfg = Debug|Any CPU
		{A5DEC91A-C6AE-43B9-B300-503F5487718D}.Debug|x86.Build.0 = Debug|Any CPU
		{A5DEC91A-C6AE-43B9-B300-503F5487718D}.Release|Any CPU.ActiveCfg = Release|Any CPU
		{A5DEC91A-C6AE-43B9-B300-503F5487718D}.Release|Any CPU.Build.0 = Release|Any CPU
		{A5DEC91A-C6AE-43B9-B300-503F5487718D}.Release|x64.ActiveCfg = Release|Any CPU
		{A5DEC91A-C6AE-43B9-B300-503F5487718D}.Release|x64.Build.0 = Release|Any CPU
		{A5DEC91A-C6AE-43B9-B300-503F5487718D}.Release|x86.ActiveCfg = Release|Any CPU
		{A5DEC91A-C6AE-43B9-B300-503F5487718D}.Release|x86.Build.0 = Release|Any CPU
		{10DF913E-811F-4B80-99A9-38FA879346B2}.Debug|Any CPU.ActiveCfg = Debug|Any CPU
		{10DF913E-811F-4B80-99A9-38FA879346B2}.Debug|Any CPU.Build.0 = Debug|Any CPU
		{10DF913E-811F-4B80-99A9-38FA879346B2}.Debug|x64.ActiveCfg = Debug|Any CPU
		{10DF913E-811F-4B80-99A9-38FA879346B2}.Debug|x64.Build.0 = Debug|Any CPU
		{10DF913E-811F-4B80-99A9-38FA879346B2}.Debug|x86.ActiveCfg = Debug|Any CPU
		{10DF913E-811F-4B80-99A9-38FA879346B2}.Debug|x86.Build.0 = Debug|Any CPU
		{10DF913E-811F-4B80-99A9-38FA879346B2}.Release|Any CPU.ActiveCfg = Release|Any CPU
		{10DF913E-811F-4B80-99A9-38FA879346B2}.Release|Any CPU.Build.0 = Release|Any CPU
		{10DF913E-811F-4B80-99A9-38FA879346B2}.Release|x64.ActiveCfg = Release|Any CPU
		{10DF913E-811F-4B80-99A9-38FA879346B2}.Release|x64.Build.0 = Release|Any CPU
		{10DF913E-811F-4B80-99A9-38FA879346B2}.Release|x86.ActiveCfg = Release|Any CPU
		{10DF913E-811F-4B80-99A9-38FA879346B2}.Release|x86.Build.0 = Release|Any CPU
		{89363900-5643-46DB-A9A2-E2B84A995F9C}.Debug|Any CPU.ActiveCfg = Debug|Any CPU
		{89363900-5643-46DB-A9A2-E2B84A995F9C}.Debug|Any CPU.Build.0 = Debug|Any CPU
		{89363900-5643-46DB-A9A2-E2B84A995F9C}.Debug|x64.ActiveCfg = Debug|Any CPU
		{89363900-5643-46DB-A9A2-E2B84A995F9C}.Debug|x64.Build.0 = Debug|Any CPU
		{89363900-5643-46DB-A9A2-E2B84A995F9C}.Debug|x86.ActiveCfg = Debug|Any CPU
		{89363900-5643-46DB-A9A2-E2B84A995F9C}.Debug|x86.Build.0 = Debug|Any CPU
		{89363900-5643-46DB-A9A2-E2B84A995F9C}.Release|Any CPU.ActiveCfg = Release|Any CPU
		{89363900-5643-46DB-A9A2-E2B84A995F9C}.Release|Any CPU.Build.0 = Release|Any CPU
		{89363900-5643-46DB-A9A2-E2B84A995F9C}.Release|x64.ActiveCfg = Release|Any CPU
		{89363900-5643-46DB-A9A2-E2B84A995F9C}.Release|x64.Build.0 = Release|Any CPU
		{89363900-5643-46DB-A9A2-E2B84A995F9C}.Release|x86.ActiveCfg = Release|Any CPU
		{89363900-5643-46DB-A9A2-E2B84A995F9C}.Release|x86.Build.0 = Release|Any CPU
	EndGlobalSection
	GlobalSection(SolutionProperties) = preSolution
		HideSolutionNode = FALSE
	EndGlobalSection
	GlobalSection(NestedProjects) = preSolution
		{8B5675DB-9B4E-4A99-8B8A-739C32612083} = {827E0CD3-B72D-47B6-A68D-7590B98EB39B}
		{C0C544E3-9F8B-46E6-B903-4275E5E47071} = {827E0CD3-B72D-47B6-A68D-7590B98EB39B}
		{BC99DFA6-6709-4DC2-BE64-9D1309BBB754} = {827E0CD3-B72D-47B6-A68D-7590B98EB39B}
		{A5DEC91A-C6AE-43B9-B300-503F5487718D} = {827E0CD3-B72D-47B6-A68D-7590B98EB39B}
		{10DF913E-811F-4B80-99A9-38FA879346B2} = {0AB3BF05-4346-4AA6-1389-037BE0695223}
		{89363900-5643-46DB-A9A2-E2B84A995F9C} = {0AB3BF05-4346-4AA6-1389-037BE0695223}
	EndGlobalSection
EndGlobal
